
Microsoft Visual Studio Solution File, Format Version 12.00
# Visual Studio Version 16
VisualStudioVersion = 16.0.30517.126
MinimumVisualStudioVersion = 10.0.40219.1
Project("{FAE04EC0-301F-11D3-BF4B-00C04F79EFBC}") = "8-Condicionais2", "8-Condicionais2\8-Condicionais2.csproj", "{CE3D1267-0F66-49A6-9CB5-208E1CF7568A}"
EndProject
Global
	GlobalSection(SolutionConfigurationPlatforms) = preSolution
		Debug|Any CPU = Debug|Any CPU
		Release|Any CPU = Release|Any CPU
	EndGlobalSection
	GlobalSection(ProjectConfigurationPlatforms) = postSolution
		{CE3D1267-0F66-49A6-9CB5-208E1CF7568A}.Debug|Any CPU.ActiveCfg = Debug|Any CPU
		{CE3D1267-0F66-49A6-9CB5-208E1CF7568A}.Debug|Any CPU.Build.0 = Debug|Any CPU
		{CE3D1267-0F66-49A6-9CB5-208E1CF7568A}.Release|Any CPU.ActiveCfg = Release|Any CPU
		{CE3D1267-0F66-49A6-9CB5-208E1CF7568A}.Release|Any CPU.Build.0 = Release|Any CPU
	EndGlobalSection
	GlobalSection(SolutionProperties) = preSolution
		HideSolutionNode = FALSE
	EndGlobalSection
	GlobalSection(ExtensibilityGlobals) = postSolution
		SolutionGuid = {208C7942-61AF-4796-BFB4-D7F1C20B0390}
	EndGlobalSection
EndGlobal
